Microsoft Visual Studio Solution File, Format Version 12.00
# Visual Studio 2012
Project("{FAE04EC0-301F-11D3-BF4B-00C04F79EFBC}") = "getting starded with Godot", "getting starded with Godot.csproj", "{12F9DB75-513F-4BFE-9C66-EA8F5EE1D221}"
EndProject
Global
	GlobalSection(SolutionConfigurationPlatforms) = preSolution
	Debug|Any CPU = Debug|Any CPU
	ExportDebug|Any CPU = ExportDebug|Any CPU
	ExportRelease|Any CPU = ExportRelease|Any CPU
	EndGlobalSection
	GlobalSection(ProjectConfigurationPlatforms) = postSolution
		{12F9DB75-513F-4BFE-9C66-EA8F5EE1D221}.Debug|Any CPU.ActiveCfg = Debug|Any CPU
		{12F9DB75-513F-4BFE-9C66-EA8F5EE1D221}.Debug|Any CPU.Build.0 = Debug|Any CPU
		{12F9DB75-513F-4BFE-9C66-EA8F5EE1D221}.ExportDebug|Any CPU.ActiveCfg = ExportDebug|Any CPU
		{12F9DB75-513F-4BFE-9C66-EA8F5EE1D221}.ExportDebug|Any CPU.Build.0 = ExportDebug|Any CPU
		{12F9DB75-513F-4BFE-9C66-EA8F5EE1D221}.ExportRelease|Any CPU.ActiveCfg = ExportRelease|Any CPU
		{12F9DB75-513F-4BFE-9C66-EA8F5EE1D221}.ExportRelease|Any CPU.Build.0 = ExportRelease|Any CPU
	EndGlobalSection
EndGlobal
